// !$*UTF8*$!
{
	archiveVersion = 1;
	classes = {
	};
	objectVersion = 46;
	objects = {

/* Begin PBXBuildFile section */
		1CAF2B491EBE9785009EB9AF /* AppDelegate.swift in Sources */ = {isa = PBXBuildFile; fileRef = 1CAF2B481EBE9785009EB9AF /* AppDelegate.swift */; };
		1CAF2B4B1EBE9785009EB9AF /* ViewController.swift in Sources */ = {isa = PBXBuildFile; fileRef = 1CAF2B4A1EBE9785009EB9AF /* ViewController.swift */; };
		1CAF2B4E1EBE9785009EB9AF /* Main.storyboard in Resources */ = {isa = PBXBuildFile; fileRef = 1CAF2B4C1EBE9785009EB9AF /* Main.storyboard */; };
		1CAF2B501EBE9785009EB9AF /* Assets.xcassets in Resources */ = {isa = PBXBuildFile; fileRef = 1CAF2B4F1EBE9785009EB9AF /* Assets.xcassets */; };
		1CAF2B5E1EBE9785009EB9AF /* TunnelerTests.swift in Sources */ = {isa = PBXBuildFile; fileRef = 1CAF2B5D1EBE9785009EB9AF /* TunnelerTests.swift */; };
		1CAF2B631EBE9785009EB9AF /* Tunneler WatchKit App.app in Embed Watch Content */ = {isa = PBXBuildFile; fileRef = 1CAF2B621EBE9785009EB9AF /* Tunneler WatchKit App.app */; };
		1CAF2B691EBE9785009EB9AF /* Interface.storyboard in Resources */ = {isa = PBXBuildFile; fileRef = 1CAF2B671EBE9785009EB9AF /* Interface.storyboard */; };
		1CAF2B6B1EBE9785009EB9AF /* Assets.xcassets in Resources */ = {isa = PBXBuildFile; fileRef = 1CAF2B6A1EBE9785009EB9AF /* Assets.xcassets */; };
		1CAF2B721EBE9786009EB9AF /* Tunneler WatchKit Extension.appex in Embed App Extensions */ = {isa = PBXBuildFile; fileRef = 1CAF2B711EBE9786009EB9AF /* Tunneler WatchKit Extension.appex */; settings = {ATTRIBUTES = (RemoveHeadersOnCopy, ); }; };
		1CAF2B791EBE9786009EB9AF /* InterfaceController.swift in Sources */ = {isa = PBXBuildFile; fileRef = 1CAF2B781EBE9786009EB9AF /* InterfaceController.swift */; };
		1CAF2B7B1EBE9786009EB9AF /* ExtensionDelegate.swift in Sources */ = {isa = PBXBuildFile; fileRef = 1CAF2B7A1EBE9786009EB9AF /* ExtensionDelegate.swift */; };
		1CAF2B7D1EBE9786009EB9AF /* NotificationController.swift in Sources */ = {isa = PBXBuildFile; fileRef = 1CAF2B7C1EBE9786009EB9AF /* NotificationController.swift */; };
		1CAF2B7F1EBE9786009EB9AF /* ComplicationController.swift in Sources */ = {isa = PBXBuildFile; fileRef = 1CAF2B7E1EBE9786009EB9AF /* ComplicationController.swift */; };
		1CAF2B811EBE9786009EB9AF /* Assets.xcassets in Resources */ = {isa = PBXBuildFile; fileRef = 1CAF2B801EBE9786009EB9AF /* Assets.xcassets */; };
		1CAF2B941EBE9B60009EB9AF /* TunnelerAPI.swift in Sources */ = {isa = PBXBuildFile; fileRef = 1CAF2B931EBE9B60009EB9AF /* TunnelerAPI.swift */; };
		1CCC28321EC15E2500587132 /* Alamofire.framework in Frameworks */ = {isa = PBXBuildFile; fileRef = 1CCC28311EC15E2500587132 /* Alamofire.framework */; };
		1CCC28361EC1609B00587132 /* Alamofire.framework in Frameworks */ = {isa = PBXBuildFile; fileRef = 1CCC28341EC1608700587132 /* Alamofire.framework */; };
		1CCC28381EC160E800587132 /* TunnelerAPI.swift in Sources */ = {isa = PBXBuildFile; fileRef = 1CAF2B931EBE9B60009EB9AF /* TunnelerAPI.swift */; };
		1CCC283A1EC1662900587132 /* Unbox.framework in Frameworks */ = {isa = PBXBuildFile; fileRef = 1CCC28391EC1662900587132 /* Unbox.framework */; };
		1CCC283C1EC1663500587132 /* Unbox.framework in Frameworks */ = {isa = PBXBuildFile; fileRef = 1CCC283B1EC1663500587132 /* Unbox.framework */; };
		1CCC283E1EC1688A00587132 /* SwiftyJSON.framework in Frameworks */ = {isa = PBXBuildFile; fileRef = 1CCC283D1EC1688A00587132 /* SwiftyJSON.framework */; };
		1CCC28401EC1689000587132 /* SwiftyJSON.framework in Frameworks */ = {isa = PBXBuildFile; fileRef = 1CCC283F1EC1689000587132 /* SwiftyJSON.framework */; };
		1CCC28421EC168FE00587132 /* Router.swift in Sources */ = {isa = PBXBuildFile; fileRef = 1CCC28411EC168FE00587132 /* Router.swift */; };
		1CCC28431EC168FE00587132 /* Router.swift in Sources */ = {isa = PBXBuildFile; fileRef = 1CCC28411EC168FE00587132 /* Router.swift */; };
		1CCC28471EC16A5C00587132 /* TunnelStatus.swift in Sources */ = {isa = PBXBuildFile; fileRef = 1CCC28461EC16A5C00587132 /* TunnelStatus.swift */; };
		1CCC28481EC16A5C00587132 /* TunnelStatus.swift in Sources */ = {isa = PBXBuildFile; fileRef = 1CCC28461EC16A5C00587132 /* TunnelStatus.swift */; };
		1CCC284A1EC2183700587132 /* Store.swift in Sources */ = {isa = PBXBuildFile; fileRef = 1CCC28491EC2183700587132 /* Store.swift */; };
		1CCC284B1EC2183700587132 /* Store.swift in Sources */ = {isa = PBXBuildFile; fileRef = 1CCC28491EC2183700587132 /* Store.swift */; };
		1CCC284D1EC2230700587132 /* SetupViewController.swift in Sources */ = {isa = PBXBuildFile; fileRef = 1CCC284C1EC2230700587132 /* SetupViewController.swift */; };
		1CCC28501EC2649F00587132 /* LaunchScreen.storyboard in Resources */ = {isa = PBXBuildFile; fileRef = 1CCC284F1EC2649F00587132 /* LaunchScreen.storyboard */; };
/* End PBXBuildFile section */

/* Begin PBXContainerItemProxy section */
		1CAF2B5A1EBE9785009EB9AF /* PBXContainerItemProxy */ = {
			isa = PBXContainerItemProxy;
			containerPortal = 1CAF2B3D1EBE9785009EB9AF /* Project object */;
			proxyType = 1;
			remoteGlobalIDString = 1CAF2B441EBE9785009EB9AF;
			remoteInfo = Tunneler;
		};
		1CAF2B641EBE9785009EB9AF /* PBXContainerItemProxy */ = {
			isa = PBXContainerItemProxy;
			containerPortal = 1CAF2B3D1EBE9785009EB9AF /* Project object */;
			proxyType = 1;
			remoteGlobalIDString = 1CAF2B611EBE9785009EB9AF;
			remoteInfo = "Tunneler WatchKit App";
		};
		1CAF2B731EBE9786009EB9AF /* PBXContainerItemProxy */ = {
			isa = PBXContainerItemProxy;
			containerPortal = 1CAF2B3D1EBE9785009EB9AF /* Project object */;
			proxyType = 1;
			remoteGlobalIDString = 1CAF2B701EBE9786009EB9AF;
			remoteInfo = "Tunneler WatchKit Extension";
		};
/* End PBXContainerItemProxy section */

/* Begin PBXCopyFilesBuildPhase section */
		1CAF2B881EBE9786009EB9AF /* Embed App Extensions */ = {
			isa = PBXCopyFilesBuildPhase;
			buildActionMask = 2147483647;
			dstPath = "";
			dstSubfolderSpec = 13;
			files = (
				1CAF2B721EBE9786009EB9AF /* Tunneler WatchKit Extension.appex in Embed App Extensions */,
			);
			name = "Embed App Extensions";
			runOnlyForDeploymentPostprocessing = 0;
		};
		1CAF2B8C1EBE9786009EB9AF /* Embed Watch Content */ = {
			isa = PBXCopyFilesBuildPhase;
			buildActionMask = 2147483647;
			dstPath = "$(CONTENTS_FOLDER_PATH)/Watch";
			dstSubfolderSpec = 16;
			files = (
				1CAF2B631EBE9785009EB9AF /* Tunneler WatchKit App.app in Embed Watch Content */,
			);
			name = "Embed Watch Content";
			runOnlyForDeploymentPostprocessing = 0;
		};
/* End PBXCopyFilesBuildPhase section */

/* Begin PBXFileReference section */
		1CAF2B451EBE9785009EB9AF /* Tunneler.app */ = {isa = PBXFileReference; explicitFileType = wrapper.application; includeInIndex = 0; path = Tunneler.app; sourceTree = BUILT_PRODUCTS_DIR; };
		1CAF2B481EBE9785009EB9AF /* AppDelegate.swift */ = {isa = PBXFileReference; lastKnownFileType = sourcecode.swift; path = AppDelegate.swift; sourceTree = "<group>"; };
		1CAF2B4A1EBE9785009EB9AF /* ViewController.swift */ = {isa = PBXFileReference; lastKnownFileType = sourcecode.swift; path = ViewController.swift; sourceTree = "<group>"; };
		1CAF2B4D1EBE9785009EB9AF /* Base */ = {isa = PBXFileReference; lastKnownFileType = file.storyboard; name = Base; path = Base.lproj/Main.storyboard; sourceTree = "<group>"; };
		1CAF2B4F1EBE9785009EB9AF /* Assets.xcassets */ = {isa = PBXFileReference; lastKnownFileType = folder.assetcatalog; path = Assets.xcassets; sourceTree = "<group>"; };
		1CAF2B541EBE9785009EB9AF /* Info.plist */ = {isa = PBXFileReference; lastKnownFileType = text.plist.xml; path = Info.plist; sourceTree = "<group>"; };
		1CAF2B591EBE9785009EB9AF /* TunnelerTests.xctest */ = {isa = PBXFileReference; explicitFileType = wrapper.cfbundle; includeInIndex = 0; path = TunnelerTests.xctest; sourceTree = BUILT_PRODUCTS_DIR; };
		1CAF2B5D1EBE9785009EB9AF /* TunnelerTests.swift */ = {isa = PBXFileReference; lastKnownFileType = sourcecode.swift; path = TunnelerTests.swift; sourceTree = "<group>"; };
		1CAF2B5F1EBE9785009EB9AF /* Info.plist */ = {isa = PBXFileReference; lastKnownFileType = text.plist.xml; path = Info.plist; sourceTree = "<group>"; };
		1CAF2B621EBE9785009EB9AF /* Tunneler WatchKit App.app */ = {isa = PBXFileReference; explicitFileType = wrapper.application; includeInIndex = 0; path = "Tunneler WatchKit App.app"; sourceTree = BUILT_PRODUCTS_DIR; };
		1CAF2B681EBE9785009EB9AF /* Base */ = {isa = PBXFileReference; lastKnownFileType = file.storyboard; name = Base; path = Base.lproj/Interface.storyboard; sourceTree = "<group>"; };
		1CAF2B6A1EBE9785009EB9AF /* Assets.xcassets */ = {isa = PBXFileReference; lastKnownFileType = folder.assetcatalog; path = Assets.xcassets; sourceTree = "<group>"; };
		1CAF2B6C1EBE9785009EB9AF /* Info.plist */ = {isa = PBXFileReference; lastKnownFileType = text.plist.xml; path = Info.plist; sourceTree = "<group>"; };
		1CAF2B711EBE9786009EB9AF /* Tunneler WatchKit Extension.appex */ = {isa = PBXFileReference; explicitFileType = "wrapper.app-extension"; includeInIndex = 0; path = "Tunneler WatchKit Extension.appex"; sourceTree = BUILT_PRODUCTS_DIR; };
		1CAF2B771EBE9786009EB9AF /* PushNotificationPayload.apns */ = {isa = PBXFileReference; lastKnownFileType = text; path = PushNotificationPayload.apns; sourceTree = "<group>"; };
		1CAF2B781EBE9786009EB9AF /* InterfaceController.swift */ = {isa = PBXFileReference; lastKnownFileType = sourcecode.swift; path = InterfaceController.swift; sourceTree = "<group>"; };
		1CAF2B7A1EBE9786009EB9AF /* ExtensionDelegate.swift */ = {isa = PBXFileReference; lastKnownFileType = sourcecode.swift; path = ExtensionDelegate.swift; sourceTree = "<group>"; };
		1CAF2B7C1EBE9786009EB9AF /* NotificationController.swift */ = {isa = PBXFileReference; lastKnownFileType = sourcecode.swift; path = NotificationController.swift; sourceTree = "<group>"; };
		1CAF2B7E1EBE9786009EB9AF /* ComplicationController.swift */ = {isa = PBXFileReference; lastKnownFileType = sourcecode.swift; path = ComplicationController.swift; sourceTree = "<group>"; };
		1CAF2B801EBE9786009EB9AF /* Assets.xcassets */ = {isa = PBXFileReference; lastKnownFileType = folder.assetcatalog; path = Assets.xcassets; sourceTree = "<group>"; };
		1CAF2B821EBE9786009EB9AF /* Info.plist */ = {isa = PBXFileReference; lastKnownFileType = text.plist.xml; path = Info.plist; sourceTree = "<group>"; };
		1CAF2B931EBE9B60009EB9AF /* TunnelerAPI.swift */ = {isa = PBXFileReference; fileEncoding = 4; lastKnownFileType = sourcecode.swift; path = TunnelerAPI.swift; sourceTree = "<group>"; };
		1CCC28311EC15E2500587132 /* Alamofire.framework */ = {isa = PBXFileReference; lastKnownFileType = wrapper.framework; name = Alamofire.framework; path = Carthage/Build/iOS/Alamofire.framework; sourceTree = "<group>"; };
		1CCC28341EC1608700587132 /* Alamofire.framework */ = {isa = PBXFileReference; lastKnownFileType = wrapper.framework; name = Alamofire.framework; path = Carthage/Build/watchOS/Alamofire.framework; sourceTree = "<group>"; };
		1CCC28391EC1662900587132 /* Unbox.framework */ = {isa = PBXFileReference; lastKnownFileType = wrapper.framework; name = Unbox.framework; path = Carthage/Build/watchOS/Unbox.framework; sourceTree = "<group>"; };
		1CCC283B1EC1663500587132 /* Unbox.framework */ = {isa = PBXFileReference; lastKnownFileType = wrapper.framework; name = Unbox.framework; path = Carthage/Build/iOS/Unbox.framework; sourceTree = "<group>"; };
		1CCC283D1EC1688A00587132 /* SwiftyJSON.framework */ = {isa = PBXFileReference; lastKnownFileType = wrapper.framework; name = SwiftyJSON.framework; path = Carthage/Build/iOS/SwiftyJSON.framework; sourceTree = "<group>"; };
		1CCC283F1EC1689000587132 /* SwiftyJSON.framework */ = {isa = PBXFileReference; lastKnownFileType = wrapper.framework; name = SwiftyJSON.framework; path = Carthage/Build/watchOS/SwiftyJSON.framework; sourceTree = "<group>"; };
		1CCC28411EC168FE00587132 /* Router.swift */ = {isa = PBXFileReference; fileEncoding = 4; lastKnownFileType = sourcecode.swift; path = Router.swift; sourceTree = "<group>"; };
		1CCC28461EC16A5C00587132 /* TunnelStatus.swift */ = {isa = PBXFileReference; fileEncoding = 4; lastKnownFileType = sourcecode.swift; path = TunnelStatus.swift; sourceTree = "<group>"; };
		1CCC28491EC2183700587132 /* Store.swift */ = {isa = PBXFileReference; fileEncoding = 4; lastKnownFileType = sourcecode.swift; path = Store.swift; sourceTree = "<group>"; };
		1CCC284C1EC2230700587132 /* SetupViewController.swift */ = {isa = PBXFileReference; fileEncoding = 4; lastKnownFileType = sourcecode.swift; path = SetupViewController.swift; sourceTree = "<group>"; };
		1CCC284F1EC2649F00587132 /* LaunchScreen.storyboard */ = {isa = PBXFileReference; fileEncoding = 4; lastKnownFileType = file.storyboard; path = LaunchScreen.storyboard; sourceTree = "<group>"; };
/* End PBXFileReference section */

/* Begin PBXFrameworksBuildPhase section */
		1CAF2B421EBE9785009EB9AF /* Frameworks */ = {
			isa = PBXFrameworksBuildPhase;
			buildActionMask = 2147483647;
			files = (
				1CCC28321EC15E2500587132 /* Alamofire.framework in Frameworks */,
				1CCC283A1EC1662900587132 /* Unbox.framework in Frameworks */,
				1CCC283E1EC1688A00587132 /* SwiftyJSON.framework in Frameworks */,
			);
			runOnlyForDeploymentPostprocessing = 0;
		};
		1CAF2B561EBE9785009EB9AF /* Frameworks */ = {
			isa = PBXFrameworksBuildPhase;
			buildActionMask = 2147483647;
			files = (
			);
			runOnlyForDeploymentPostprocessing = 0;
		};
		1CAF2B6E1EBE9786009EB9AF /* Frameworks */ = {
			isa = PBXFrameworksBuildPhase;
			buildActionMask = 2147483647;
			files = (
				1CCC28361EC1609B00587132 /* Alamofire.framework in Frameworks */,
				1CCC283C1EC1663500587132 /* Unbox.framework in Frameworks */,
				1CCC28401EC1689000587132 /* SwiftyJSON.framework in Frameworks */,
			);
			runOnlyForDeploymentPostprocessing = 0;
		};
/* End PBXFrameworksBuildPhase section */

/* Begin PBXGroup section */
		1CAF2B3C1EBE9785009EB9AF = {
			isa = PBXGroup;
			children = (
				1CAF2B471EBE9785009EB9AF /* Tunneler */,
				1CAF2B5C1EBE9785009EB9AF /* TunnelerTests */,
				1CAF2B661EBE9785009EB9AF /* Tunneler WatchKit App */,
				1CAF2B751EBE9786009EB9AF /* Tunneler WatchKit Extension */,
				1CAF2B461EBE9785009EB9AF /* Products */,
				1CCC28301EC15E2500587132 /* Frameworks */,
			);
			sourceTree = "<group>";
		};
		1CAF2B461EBE9785009EB9AF /* Products */ = {
			isa = PBXGroup;
			children = (
				1CAF2B451EBE9785009EB9AF /* Tunneler.app */,
				1CAF2B591EBE9785009EB9AF /* TunnelerTests.xctest */,
				1CAF2B621EBE9785009EB9AF /* Tunneler WatchKit App.app */,
				1CAF2B711EBE9786009EB9AF /* Tunneler WatchKit Extension.appex */,
			);
			name = Products;
			sourceTree = "<group>";
		};
		1CAF2B471EBE9785009EB9AF /* Tunneler */ = {
			isa = PBXGroup;
			children = (
				1CCC28451EC16A5300587132 /* Models */,
				1CAF2B481EBE9785009EB9AF /* AppDelegate.swift */,
				1CCC284E1EC2638F00587132 /* Controllers */,
				1CAF2B4C1EBE9785009EB9AF /* Main.storyboard */,
				1CAF2B4F1EBE9785009EB9AF /* Assets.xcassets */,
				1CCC284F1EC2649F00587132 /* LaunchScreen.storyboard */,
				1CAF2B541EBE9785009EB9AF /* Info.plist */,
				1CCC28441EC1692800587132 /* API */,
			);
			path = Tunneler;
			sourceTree = "<group>";
		};
		1CAF2B5C1EBE9785009EB9AF /* TunnelerTests */ = {
			isa = PBXGroup;
			children = (
				1CAF2B5D1EBE9785009EB9AF /* TunnelerTests.swift */,
				1CAF2B5F1EBE9785009EB9AF /* Info.plist */,
			);
			path = TunnelerTests;
			sourceTree = "<group>";
		};
		1CAF2B661EBE9785009EB9AF /* Tunneler WatchKit App */ = {
			isa = PBXGroup;
			children = (
				1CAF2B671EBE9785009EB9AF /* Interface.storyboard */,
				1CAF2B6A1EBE9785009EB9AF /* Assets.xcassets */,
				1CAF2B6C1EBE9785009EB9AF /* Info.plist */,
			);
			path = "Tunneler WatchKit App";
			sourceTree = "<group>";
		};
		1CAF2B751EBE9786009EB9AF /* Tunneler WatchKit Extension */ = {
			isa = PBXGroup;
			children = (
				1CAF2B781EBE9786009EB9AF /* InterfaceController.swift */,
				1CAF2B7A1EBE9786009EB9AF /* ExtensionDelegate.swift */,
				1CAF2B7C1EBE9786009EB9AF /* NotificationController.swift */,
				1CAF2B7E1EBE9786009EB9AF /* ComplicationController.swift */,
				1CAF2B801EBE9786009EB9AF /* Assets.xcassets */,
				1CAF2B821EBE9786009EB9AF /* Info.plist */,
				1CAF2B761EBE9786009EB9AF /* Supporting Files */,
			);
			path = "Tunneler WatchKit Extension";
			sourceTree = "<group>";
		};
		1CAF2B761EBE9786009EB9AF /* Supporting Files */ = {
			isa = PBXGroup;
			children = (
				1CAF2B771EBE9786009EB9AF /* PushNotificationPayload.apns */,
			);
			name = "Supporting Files";
			sourceTree = "<group>";
		};
		1CCC28301EC15E2500587132 /* Frameworks */ = {
			isa = PBXGroup;
			children = (
				1CCC283F1EC1689000587132 /* SwiftyJSON.framework */,
				1CCC283D1EC1688A00587132 /* SwiftyJSON.framework */,
				1CCC283B1EC1663500587132 /* Unbox.framework */,
				1CCC28391EC1662900587132 /* Unbox.framework */,
				1CCC28341EC1608700587132 /* Alamofire.framework */,
				1CCC28311EC15E2500587132 /* Alamofire.framework */,
			);
			name = Frameworks;
			sourceTree = "<group>";
		};
		1CCC28441EC1692800587132 /* API */ = {
			isa = PBXGroup;
			children = (
				1CAF2B931EBE9B60009EB9AF /* TunnelerAPI.swift */,
				1CCC28411EC168FE00587132 /* Router.swift */,
			);
			name = API;
			sourceTree = "<group>";
		};
		1CCC28451EC16A5300587132 /* Models */ = {
			isa = PBXGroup;
			children = (
				1CCC28461EC16A5C00587132 /* TunnelStatus.swift */,
				1CCC28491EC2183700587132 /* Store.swift */,
			);
			name = Models;
			sourceTree = "<group>";
		};
		1CCC284E1EC2638F00587132 /* Controllers */ = {
			isa = PBXGroup;
			children = (
				1CAF2B4A1EBE9785009EB9AF /* ViewController.swift */,
				1CCC284C1EC2230700587132 /* SetupViewController.swift */,
			);
			name = Controllers;
			sourceTree = "<group>";
		};
/* End PBXGroup section */

/* Begin PBXNativeTarget section */
		1CAF2B441EBE9785009EB9AF /* Tunneler */ = {
			isa = PBXNativeTarget;
			buildConfigurationList = 1CAF2B8D1EBE9786009EB9AF /* Build configuration list for PBXNativeTarget "Tunneler" */;
			buildPhases = (
				1CAF2B411EBE9785009EB9AF /* Sources */,
				1CAF2B421EBE9785009EB9AF /* Frameworks */,
				1CAF2B431EBE9785009EB9AF /* Resources */,
				1CAF2B8C1EBE9786009EB9AF /* Embed Watch Content */,
				1CCC28331EC15EBD00587132 /* Carthage */,
			);
			buildRules = (
			);
			dependencies = (
				1CAF2B651EBE9785009EB9AF /* PBXTargetDependency */,
			);
			name = Tunneler;
			productName = Tunneler;
			productReference = 1CAF2B451EBE9785009EB9AF /* Tunneler.app */;
			productType = "com.apple.product-type.application";
		};
		1CAF2B581EBE9785009EB9AF /* TunnelerTests */ = {
			isa = PBXNativeTarget;
			buildConfigurationList = 1CAF2B901EBE9786009EB9AF /* Build configuration list for PBXNativeTarget "TunnelerTests" */;
			buildPhases = (
				1CAF2B551EBE9785009EB9AF /* Sources */,
				1CAF2B561EBE9785009EB9AF /* Frameworks */,
				1CAF2B571EBE9785009EB9AF /* Resources */,
			);
			buildRules = (
			);
			dependencies = (
				1CAF2B5B1EBE9785009EB9AF /* PBXTargetDependency */,
			);
			name = TunnelerTests;
			productName = TunnelerTests;
			productReference = 1CAF2B591EBE9785009EB9AF /* TunnelerTests.xctest */;
			productType = "com.apple.product-type.bundle.unit-test";
		};
		1CAF2B611EBE9785009EB9AF /* Tunneler WatchKit App */ = {
			isa = PBXNativeTarget;
			buildConfigurationList = 1CAF2B891EBE9786009EB9AF /* Build configuration list for PBXNativeTarget "Tunneler WatchKit App" */;
			buildPhases = (
				1CAF2B601EBE9785009EB9AF /* Resources */,
				1CAF2B881EBE9786009EB9AF /* Embed App Extensions */,
			);
			buildRules = (
			);
			dependencies = (
				1CAF2B741EBE9786009EB9AF /* PBXTargetDependency */,
			);
			name = "Tunneler WatchKit App";
			productName = "Tunneler WatchKit App";
			productReference = 1CAF2B621EBE9785009EB9AF /* Tunneler WatchKit App.app */;
			productType = "com.apple.product-type.application.watchapp2";
		};
		1CAF2B701EBE9786009EB9AF /* Tunneler WatchKit Extension */ = {
			isa = PBXNativeTarget;
			buildConfigurationList = 1CAF2B851EBE9786009EB9AF /* Build configuration list for PBXNativeTarget "Tunneler WatchKit Extension" */;
			buildPhases = (
				1CAF2B6D1EBE9786009EB9AF /* Sources */,
				1CAF2B6E1EBE9786009EB9AF /* Frameworks */,
				1CAF2B6F1EBE9786009EB9AF /* Resources */,
				1CCC28371EC160AD00587132 /* Carthage */,
			);
			buildRules = (
			);
			dependencies = (
			);
			name = "Tunneler WatchKit Extension";
			productName = "Tunneler WatchKit Extension";
			productReference = 1CAF2B711EBE9786009EB9AF /* Tunneler WatchKit Extension.appex */;
			productType = "com.apple.product-type.watchkit2-extension";
		};
/* End PBXNativeTarget section */

/* Begin PBXProject section */
		1CAF2B3D1EBE9785009EB9AF /* Project object */ = {
			isa = PBXProject;
			attributes = {
				LastSwiftUpdateCheck = 0830;
				LastUpgradeCheck = 0830;
				ORGANIZATIONNAME = "Christian Di Lorenzo";
				TargetAttributes = {
					1CAF2B441EBE9785009EB9AF = {
						CreatedOnToolsVersion = 8.3.2;
						DevelopmentTeam = TJMRT497L9;
						ProvisioningStyle = Automatic;
					};
					1CAF2B581EBE9785009EB9AF = {
						CreatedOnToolsVersion = 8.3.2;
						DevelopmentTeam = TJMRT497L9;
						ProvisioningStyle = Automatic;
						TestTargetID = 1CAF2B441EBE9785009EB9AF;
					};
					1CAF2B611EBE9785009EB9AF = {
						CreatedOnToolsVersion = 8.3.2;
						DevelopmentTeam = TJMRT497L9;
						LastSwiftMigration = 0830;
						ProvisioningStyle = Automatic;
					};
					1CAF2B701EBE9786009EB9AF = {
						CreatedOnToolsVersion = 8.3.2;
						DevelopmentTeam = TJMRT497L9;
						ProvisioningStyle = Automatic;
					};
				};
			};
			buildConfigurationList = 1CAF2B401EBE9785009EB9AF /* Build configuration list for PBXProject "Tunneler" */;
			compatibilityVersion = "Xcode 3.2";
			developmentRegion = English;
			hasScannedForEncodings = 0;
			knownRegions = (
				en,
				Base,
			);
			mainGroup = 1CAF2B3C1EBE9785009EB9AF;
			productRefGroup = 1CAF2B461EBE9785009EB9AF /* Products */;
			projectDirPath = "";
			projectRoot = "";
			targets = (
				1CAF2B441EBE9785009EB9AF /* Tunneler */,
				1CAF2B581EBE9785009EB9AF /* TunnelerTests */,
				1CAF2B611EBE9785009EB9AF /* Tunneler WatchKit App */,
				1CAF2B701EBE9786009EB9AF /* Tunneler WatchKit Extension */,
			);
		};
/* End PBXProject section */

/* Begin PBXResourcesBuildPhase section */
		1CAF2B431EBE9785009EB9AF /* Resources */ = {
			isa = PBXResourcesBuildPhase;
			buildActionMask = 2147483647;
			files = (
				1CCC28501EC2649F00587132 /* LaunchScreen.storyboard in Resources */,
				1CAF2B501EBE9785009EB9AF /* Assets.xcassets in Resources */,
				1CAF2B4E1EBE9785009EB9AF /* Main.storyboard in Resources */,
			);
			runOnlyForDeploymentPostprocessing = 0;
		};
		1CAF2B571EBE9785009EB9AF /* Resources */ = {
			isa = PBXResourcesBuildPhase;
			buildActionMask = 2147483647;
			files = (
			);
			runOnlyForDeploymentPostprocessing = 0;
		};
		1CAF2B601EBE9785009EB9AF /* Resources */ = {
			isa = PBXResourcesBuildPhase;
			buildActionMask = 2147483647;
			files = (
				1CAF2B6B1EBE9785009EB9AF /* Assets.xcassets in Resources */,
				1CAF2B691EBE9785009EB9AF /* Interface.storyboard in Resources */,
			);
			runOnlyForDeploymentPostprocessing = 0;
		};
		1CAF2B6F1EBE9786009EB9AF /* Resources */ = {
			isa = PBXResourcesBuildPhase;
			buildActionMask = 2147483647;
			files = (
				1CAF2B811EBE9786009EB9AF /* Assets.xcassets in Resources */,
			);
			runOnlyForDeploymentPostprocessing = 0;
		};
/* End PBXResourcesBuildPhase section */

/* Begin PBXShellScriptBuildPhase section */
		1CCC28331EC15EBD00587132 /* Carthage */ = {
			isa = PBXShellScriptBuildPhase;
			buildActionMask = 2147483647;
			files = (
			);
			inputPaths = (
				"$(SRCROOT)/Carthage/Build/iOS/Alamofire.framework",
				"$(SRCROOT)/Carthage/Build/iOS/Unbox.framework",
				"$(SRCROOT)/Carthage/Build/iOS/SwiftyJSON.framework",
			);
			name = Carthage;
			outputPaths = (
			);
			runOnlyForDeploymentPostprocessing = 0;
			shellPath = /bin/sh;
			shellScript = "/usr/local/bin/carthage copy-frameworks";
		};
		1CCC28371EC160AD00587132 /* Carthage */ = {
			isa = PBXShellScriptBuildPhase;
			buildActionMask = 2147483647;
			files = (
			);
			inputPaths = (
				"$(SRCROOT)/Carthage/Build/watchOS/Alamofire.framework",
				"$(SRCROOT)/Carthage/Build/watchOS/Unbox.framework",
				"$(SRCROOT)/Carthage/Build/watchOS/SwiftyJSON.framework",
			);
			name = Carthage;
			outputPaths = (
			);
			runOnlyForDeploymentPostprocessing = 0;
			shellPath = /bin/sh;
			shellScript = "/usr/local/bin/carthage copy-frameworks";
		};
/* End PBXShellScriptBuildPhase section */

/* Begin PBXSourcesBuildPhase section */
		1CAF2B411EBE9785009EB9AF /* Sources */ = {
			isa = PBXSourcesBuildPhase;
			buildActionMask = 2147483647;
			files = (
				1CCC28421EC168FE00587132 /* Router.swift in Sources */,
				1CAF2B4B1EBE9785009EB9AF /* ViewController.swift in Sources */,
				1CAF2B941EBE9B60009EB9AF /* TunnelerAPI.swift in Sources */,
				1CCC284A1EC2183700587132 /* Store.swift in Sources */,
				1CAF2B491EBE9785009EB9AF /* AppDelegate.swift in Sources */,
				1CCC28471EC16A5C00587132 /* TunnelStatus.swift in Sources */,
				1CCC284D1EC2230700587132 /* SetupViewController.swift in Sources */,
			);
			runOnlyForDeploymentPostprocessing = 0;
		};
		1CAF2B551EBE9785009EB9AF /* Sources */ = {
			isa = PBXSourcesBuildPhase;
			buildActionMask = 2147483647;
			files = (
				1CAF2B5E1EBE9785009EB9AF /* TunnelerTests.swift in Sources */,
			);
			runOnlyForDeploymentPostprocessing = 0;
		};
		1CAF2B6D1EBE9786009EB9AF /* Sources */ = {
			isa = PBXSourcesBuildPhase;
			buildActionMask = 2147483647;
			files = (
				1CCC28481EC16A5C00587132 /* TunnelStatus.swift in Sources */,
				1CCC28381EC160E800587132 /* TunnelerAPI.swift in Sources */,
				1CAF2B7D1EBE9786009EB9AF /* NotificationController.swift in Sources */,
				1CCC284B1EC2183700587132 /* Store.swift in Sources */,
				1CAF2B7F1EBE9786009EB9AF /* ComplicationController.swift in Sources */,
				1CAF2B7B1EBE9786009EB9AF /* ExtensionDelegate.swift in Sources */,
				1CCC28431EC168FE00587132 /* Router.swift in Sources */,
				1CAF2B791EBE9786009EB9AF /* InterfaceController.swift in Sources */,
			);
			runOnlyForDeploymentPostprocessing = 0;
		};
/* End PBXSourcesBuildPhase section */

/* Begin PBXTargetDependency section */
		1CAF2B5B1EBE9785009EB9AF /* PBXTargetDependency */ = {
			isa = PBXTargetDependency;
			target = 1CAF2B441EBE9785009EB9AF /* Tunneler */;
			targetProxy = 1CAF2B5A1EBE9785009EB9AF /* PBXContainerItemProxy */;
		};
		1CAF2B651EBE9785009EB9AF /* PBXTargetDependency */ = {
			isa = PBXTargetDependency;
			target = 1CAF2B611EBE9785009EB9AF /* Tunneler WatchKit App */;
			targetProxy = 1CAF2B641EBE9785009EB9AF /* PBXContainerItemProxy */;
		};
		1CAF2B741EBE9786009EB9AF /* PBXTargetDependency */ = {
			isa = PBXTargetDependency;
			target = 1CAF2B701EBE9786009EB9AF /* Tunneler WatchKit Extension */;
			targetProxy = 1CAF2B731EBE9786009EB9AF /* PBXContainerItemProxy */;
		};
/* End PBXTargetDependency section */

/* Begin PBXVariantGroup section */
		1CAF2B4C1EBE9785009EB9AF /* Main.storyboard */ = {
			isa = PBXVariantGroup;
			children = (
				1CAF2B4D1EBE9785009EB9AF /* Base */,
			);
			name = Main.storyboard;
			sourceTree = "<group>";
		};
		1CAF2B671EBE9785009EB9AF /* Interface.storyboard */ = {
			isa = PBXVariantGroup;
			children = (
				1CAF2B681EBE9785009EB9AF /* Base */,
			);
			name = Interface.storyboard;
			sourceTree = "<group>";
		};
/* End PBXVariantGroup section */

/* Begin XCBuildConfiguration section */
		1CAF2B831EBE9786009EB9AF /* Debug */ = {
			isa = XCBuildConfiguration;
			buildSettings = {
				ALWAYS_SEARCH_USER_PATHS = NO;
				CLANG_ANALYZER_NONNULL = YES;
				CLANG_ANALYZER_NUMBER_OBJECT_CONVERSION = YES_AGGRESSIVE;
				CLANG_CXX_LANGUAGE_STANDARD = "gnu++0x";
				CLANG_CXX_LIBRARY = "libc++";
				CLANG_ENABLE_MODULES = YES;
				CLANG_ENABLE_OBJC_ARC = YES;
				CLANG_WARN_BOOL_CONVERSION = YES;
				CLANG_WARN_CONSTANT_CONVERSION = YES;
				CLANG_WARN_DIRECT_OBJC_ISA_USAGE = YES_ERROR;
				CLANG_WARN_DOCUMENTATION_COMMENTS = YES;
				CLANG_WARN_EMPTY_BODY = YES;
				CLANG_WARN_ENUM_CONVERSION = YES;
				CLANG_WARN_INFINITE_RECURSION = YES;
				CLANG_WARN_INT_CONVERSION = YES;
				CLANG_WARN_OBJC_ROOT_CLASS = YES_ERROR;
				CLANG_WARN_SUSPICIOUS_MOVE = YES;
				CLANG_WARN_UNREACHABLE_CODE = YES;
				CLANG_WARN__DUPLICATE_METHOD_MATCH = YES;
				"CODE_SIGN_IDENTITY[sdk=iphoneos*]" = "iPhone Developer";
				COPY_PHASE_STRIP = NO;
				DEBUG_INFORMATION_FORMAT = dwarf;
				ENABLE_STRICT_OBJC_MSGSEND = YES;
				ENABLE_TESTABILITY = YES;
				GCC_C_LANGUAGE_STANDARD = gnu99;
				GCC_DYNAMIC_NO_PIC = NO;
				GCC_NO_COMMON_BLOCKS = YES;
				GCC_OPTIMIZATION_LEVEL = 0;
				GCC_PREPROCESSOR_DEFINITIONS = (
					"DEBUG=1",
					"$(inherited)",
				);
				GCC_WARN_64_TO_32_BIT_CONVERSION = YES;
				GCC_WARN_ABOUT_RETURN_TYPE = YES_ERROR;
				GCC_WARN_UNDECLARED_SELECTOR = YES;
				GCC_WARN_UNINITIALIZED_AUTOS = YES_AGGRESSIVE;
				GCC_WARN_UNUSED_FUNCTION = YES;
				GCC_WARN_UNUSED_VARIABLE = YES;
				IPHONEOS_DEPLOYMENT_TARGET = 10.3;
				MTL_ENABLE_DEBUG_INFO = YES;
				ONLY_ACTIVE_ARCH = YES;
				SDKROOT = iphoneos;
				SWIFT_ACTIVE_COMPILATION_CONDITIONS = DEBUG;
				SWIFT_OPTIMIZATION_LEVEL = "-Onone";
			};
			name = Debug;
		};
		1CAF2B841EBE9786009EB9AF /* Release */ = {
			isa = XCBuildConfiguration;
			buildSettings = {
				ALWAYS_SEARCH_USER_PATHS = NO;
				CLANG_ANALYZER_NONNULL = YES;
				CLANG_ANALYZER_NUMBER_OBJECT_CONVERSION = YES_AGGRESSIVE;
				CLANG_CXX_LANGUAGE_STANDARD = "gnu++0x";
				CLANG_CXX_LIBRARY = "libc++";
				CLANG_ENABLE_MODULES = YES;
				CLANG_ENABLE_OBJC_ARC = YES;
				CLANG_WARN_BOOL_CONVERSION = YES;
				CLANG_WARN_CONSTANT_CONVERSION = YES;
				CLANG_WARN_DIRECT_OBJC_ISA_USAGE = YES_ERROR;
				CLANG_WARN_DOCUMENTATION_COMMENTS = YES;
				CLANG_WARN_EMPTY_BODY = YES;
				CLANG_WARN_ENUM_CONVERSION = YES;
				CLANG_WARN_INFINITE_RECURSION = YES;
				CLANG_WARN_INT_CONVERSION = YES;
				CLANG_WARN_OBJC_ROOT_CLASS = YES_ERROR;
				CLANG_WARN_SUSPICIOUS_MOVE = YES;
				CLANG_WARN_UNREACHABLE_CODE = YES;
				CLANG_WARN__DUPLICATE_METHOD_MATCH = YES;
				"CODE_SIGN_IDENTITY[sdk=iphoneos*]" = "iPhone Developer";
				COPY_PHASE_STRIP = NO;
				DEBUG_INFORMATION_FORMAT = "dwarf-with-dsym";
				ENABLE_NS_ASSERTIONS = NO;
				ENABLE_STRICT_OBJC_MSGSEND = YES;
				GCC_C_LANGUAGE_STANDARD = gnu99;
				GCC_NO_COMMON_BLOCKS = YES;
				GCC_WARN_64_TO_32_BIT_CONVERSION = YES;
				GCC_WARN_ABOUT_RETURN_TYPE = YES_ERROR;
				GCC_WARN_UNDECLARED_SELECTOR = YES;
				GCC_WARN_UNINITIALIZED_AUTOS = YES_AGGRESSIVE;
				GCC_WARN_UNUSED_FUNCTION = YES;
				GCC_WARN_UNUSED_VARIABLE = YES;
				IPHONEOS_DEPLOYMENT_TARGET = 10.3;
				MTL_ENABLE_DEBUG_INFO = NO;
				SDKROOT = iphoneos;
				SWIFT_OPTIMIZATION_LEVEL = "-Owholemodule";
				VALIDATE_PRODUCT = YES;
			};
			name = Release;
		};
		1CAF2B861EBE9786009EB9AF /* Debug */ = {
			isa = XCBuildConfiguration;
			buildSettings = {
				ASSETCATALOG_COMPILER_COMPLICATION_NAME = Complication;
				DEVELOPMENT_TEAM = TJMRT497L9;
				FRAMEWORK_SEARCH_PATHS = (
					"$(inherited)",
					"$(PROJECT_DIR)/Carthage/Build/watchOS",
					"$(PROJECT_DIR)/Carthage/Build/iOS",
				);
				INFOPLIST_FILE = "Tunneler WatchKit Extension/Info.plist";
				LD_RUNPATH_SEARCH_PATHS = "$(inherited) @executable_path/Frameworks @executable_path/../../Frameworks";
				PRODUCT_BUNDLE_IDENTIFIER = io.rcdilorenzo.Tunneler.watchkitapp.watchkitextension;
				PRODUCT_NAME = "${TARGET_NAME}";
				SDKROOT = watchos;
				SKIP_INSTALL = YES;
				SWIFT_VERSION = 3.0;
				TARGETED_DEVICE_FAMILY = 4;
				WATCHOS_DEPLOYMENT_TARGET = 3.0;
			};
			name = Debug;
		};
		1CAF2B871EBE9786009EB9AF /* Release */ = {
			isa = XCBuildConfiguration;
			buildSettings = {
				ASSETCATALOG_COMPILER_COMPLICATION_NAME = Complication;
				DEVELOPMENT_TEAM = TJMRT497L9;
				FRAMEWORK_SEARCH_PATHS = (
					"$(inherited)",
					"$(PROJECT_DIR)/Carthage/Build/watchOS",
					"$(PROJECT_DIR)/Carthage/Build/iOS",
				);
				INFOPLIST_FILE = "Tunneler WatchKit Extension/Info.plist";
				LD_RUNPATH_SEARCH_PATHS = "$(inherited) @executable_path/Frameworks @executable_path/../../Frameworks";
				PRODUCT_BUNDLE_IDENTIFIER = io.rcdilorenzo.Tunneler.watchkitapp.watchkitextension;
				PRODUCT_NAME = "${TARGET_NAME}";
				SDKROOT = watchos;
				SKIP_INSTALL = YES;
				SWIFT_VERSION = 3.0;
				TARGETED_DEVICE_FAMILY = 4;
				WATCHOS_DEPLOYMENT_TARGET = 3.0;
			};
			name = Release;
		};
		1CAF2B8A1EBE9786009EB9AF /* Debug */ = {
			isa = XCBuildConfiguration;
			buildSettings = {
				ALWAYS_EMBED_SWIFT_STANDARD_LIBRARIES = YES;
				ASSETCATALOG_COMPILER_APPICON_NAME = AppIcon;
				CLANG_ENABLE_MODULES = YES;
				DEVELOPMENT_TEAM = TJMRT497L9;
				IBSC_MODULE = Tunneler_WatchKit_Extension;
				INFOPLIST_FILE = "Tunneler WatchKit App/Info.plist";
				LD_RUNPATH_SEARCH_PATHS = "$(inherited) @executable_path/../Frameworks @loader_path/../Frameworks";
				PRODUCT_BUNDLE_IDENTIFIER = io.rcdilorenzo.Tunneler.watchkitapp;
				PRODUCT_NAME = "$(TARGET_NAME)";
				SDKROOT = watchos;
				SKIP_INSTALL = YES;
				SWIFT_OPTIMIZATION_LEVEL = "-Onone";
				SWIFT_VERSION = 3.0;
				TARGETED_DEVICE_FAMILY = 4;
				WATCHOS_DEPLOYMENT_TARGET = 3.0;
			};
			name = Debug;
		};
		1CAF2B8B1EBE9786009EB9AF /* Release */ = {
			isa = XCBuildConfiguration;
			buildSettings = {
				ALWAYS_EMBED_SWIFT_STANDARD_LIBRARIES = YES;
				ASSETCATALOG_COMPILER_APPICON_NAME = AppIcon;
				CLANG_ENABLE_MODULES = YES;
				DEVELOPMENT_TEAM = TJMRT497L9;
				IBSC_MODULE = Tunneler_WatchKit_Extension;
				INFOPLIST_FILE = "Tunneler WatchKit App/Info.plist";
				LD_RUNPATH_SEARCH_PATHS = "$(inherited) @executable_path/../Frameworks @loader_path/../Frameworks";
				PRODUCT_BUNDLE_IDENTIFIER = io.rcdilorenzo.Tunneler.watchkitapp;
				PRODUCT_NAME = "$(TARGET_NAME)";
				SDKROOT = watchos;
				SKIP_INSTALL = YES;
				SWIFT_VERSION = 3.0;
				TARGETED_DEVICE_FAMILY = 4;
				WATCHOS_DEPLOYMENT_TARGET = 3.0;
			};
			name = Release;
		};
		1CAF2B8E1EBE9786009EB9AF /* Debug */ = {
			isa = XCBuildConfiguration;
			buildSettings = {
				ASSETCATALOG_COMPILER_APPICON_NAME = AppIcon;
				DEVELOPMENT_TEAM = TJMRT497L9;
				FRAMEWORK_SEARCH_PATHS = (
					"$(inherited)",
					"$(PROJECT_DIR)/Carthage/Build/iOS",
					"$(PROJECT_DIR)/Carthage/Build/watchOS",
				);
				INFOPLIST_FILE = Tunneler/Info.plist;
				LD_RUNPATH_SEARCH_PATHS = "$(inherited) @executable_path/Frameworks";
				PRODUCT_BUNDLE_IDENTIFIER = io.rcdilorenzo.Tunneler;
				PRODUCT_NAME = "$(TARGET_NAME)";
				SWIFT_VERSION = 3.0;
			};
			name = Debug;
		};
		1CAF2B8F1EBE9786009EB9AF /* Release */ = {
			isa = XCBuildConfiguration;
			buildSettings = {
				ASSETCATALOG_COMPILER_APPICON_NAME = AppIcon;
				DEVELOPMENT_TEAM = TJMRT497L9;
				FRAMEWORK_SEARCH_PATHS = (
					"$(inherited)",
					"$(PROJECT_DIR)/Carthage/Build/iOS",
					"$(PROJECT_DIR)/Carthage/Build/watchOS",
				);
				INFOPLIST_FILE = Tunneler/Info.plist;
				LD_RUNPATH_SEARCH_PATHS = "$(inherited) @executable_path/Frameworks";
				PRODUCT_BUNDLE_IDENTIFIER = io.rcdilorenzo.Tunneler;
				PRODUCT_NAME = "$(TARGET_NAME)";
				SWIFT_VERSION = 3.0;
			};
			name = Release;
		};
		1CAF2B911EBE9786009EB9AF /* Debug */ = {
			isa = XCBuildConfiguration;
			buildSettings = {
				ALWAYS_EMBED_SWIFT_STANDARD_LIBRARIES = YES;
				BUNDLE_LOADER = "$(TEST_HOST)";
				DEVELOPMENT_TEAM = TJMRT497L9;
				INFOPLIST_FILE = TunnelerTests/Info.plist;
				LD_RUNPATH_SEARCH_PATHS = "$(inherited) @executable_path/Frameworks @loader_path/Frameworks";
				PRODUCT_BUNDLE_IDENTIFIER = io.rcdilorenzo.TunnelerTests;
				PRODUCT_NAME = "$(TARGET_NAME)";
				SWIFT_VERSION = 3.0;
				TEST_HOST = "$(BUILT_PRODUCTS_DIR)/Tunneler.app/Tunneler";
			};
			name = Debug;
		};
		1CAF2B921EBE9786009EB9AF /* Release */ = {
			isa = XCBuildConfiguration;
			buildSettings = {
				ALWAYS_EMBED_SWIFT_STANDARD_LIBRARIES = YES;
				BUNDLE_LOADER = "$(TEST_HOST)";
				DEVELOPMENT_TEAM = TJMRT497L9;
				INFOPLIST_FILE = TunnelerTests/Info.plist;
				LD_RUNPATH_SEARCH_PATHS = "$(inherited) @executable_path/Frameworks @loader_path/Frameworks";
				PRODUCT_BUNDLE_IDENTIFIER = io.rcdilorenzo.TunnelerTests;
				PRODUCT_NAME = "$(TARGET_NAME)";
				SWIFT_VERSION = 3.0;
				TEST_HOST = "$(BUILT_PRODUCTS_DIR)/Tunneler.app/Tunneler";
			};
			name = Release;
		};
/* End XCBuildConfiguration section */

/* Begin XCConfigurationList section */
		1CAF2B401EBE9785009EB9AF /* Build configuration list for PBXProject "Tunneler" */ = {
			isa = XCConfigurationList;
			buildConfigurations = (
				1CAF2B831EBE9786009EB9AF /* Debug */,
				1CAF2B841EBE9786009EB9AF /* Release */,
			);
			defaultConfigurationIsVisible = 0;
			defaultConfigurationName = Release;
		};
		1CAF2B851EBE9786009EB9AF /* Build configuration list for PBXNativeTarget "Tunneler WatchKit Extension" */ = {
			isa = XCConfigurationList;
			buildConfigurations = (
				1CAF2B861EBE9786009EB9AF /* Debug */,
				1CAF2B871EBE9786009EB9AF /* Release */,
			);
			defaultConfigurationIsVisible = 0;
			defaultConfigurationName = Release;
		};
		1CAF2B891EBE9786009EB9AF /* Build configuration list for PBXNativeTarget "Tunneler WatchKit App" */ = {
			isa = XCConfigurationList;
			buildConfigurations = (
				1CAF2B8A1EBE9786009EB9AF /* Debug */,
				1CAF2B8B1EBE9786009EB9AF /* Release */,
			);
			defaultConfigurationIsVisible = 0;
			defaultConfigurationName = Release;
		};
		1CAF2B8D1EBE9786009EB9AF /* Build configuration list for PBXNativeTarget "Tunneler" */ = {
			isa = XCConfigurationList;
			buildConfigurations = (
				1CAF2B8E1EBE9786009EB9AF /* Debug */,
				1CAF2B8F1EBE9786009EB9AF /* Release */,
			);
			defaultConfigurationIsVisible = 0;
			defaultConfigurationName = Release;
		};
		1CAF2B901EBE9786009EB9AF /* Build configuration list for PBXNativeTarget "TunnelerTests" */ = {
			isa = XCConfigurationList;
			buildConfigurations = (
				1CAF2B911EBE9786009EB9AF /* Debug */,
				1CAF2B921EBE9786009EB9AF /* Release */,
			);
			defaultConfigurationIsVisible = 0;
			defaultConfigurationName = Release;
		};
/* End XCConfigurationList section */
	};
	rootObject = 1CAF2B3D1EBE9785009EB9AF /* Project object */;
}
